
Microsoft Visual Studio Solution File, Format Version 12.00
# Visual Studio Version 17
VisualStudioVersion = 17.2.32616.157
MinimumVisualStudioVersion = 10.0.40219.1
Project("{9A19103F-16F7-4668-BE54-9A1E7A4F7556}") = "RecipeApi", "RecipeApi\RecipeApi.csproj", "{ADF43350-F8B0-43F1-86ED-6EFACFA0DCA0}"
EndProject
Project("{9A19103F-16F7-4668-BE54-9A1E7A4F7556}") = "QueryApp", "QueryApp\QueryApp.csproj", "{700FA979-C130-44D4-913C-424A4083992B}"
EndProject
Project("{FAE04EC0-301F-11D3-BF4B-00C04F79EFBC}") = "DataObjects", "DataObjects\DataObjects.csproj", "{0201D477-19B9-4D1D-A07E-5B59A881FF5F}"
EndProject
Project("{FAE04EC0-301F-11D3-BF4B-00C04F79EFBC}") = "QueryProcessor", "QueryProcessor\QueryProcessor.csproj", "{F8502C2F-BFF6-40F0-B981-CA1AB550B449}"
EndProject
Global
	GlobalSection(SolutionConfigurationPlatforms) = preSolution
		Debug|Any CPU = Debug|Any CPU
		Release|Any CPU = Release|Any CPU
	EndGlobalSection
	GlobalSection(ProjectConfigurationPlatforms) = postSolution
		{ADF43350-F8B0-43F1-86ED-6EFACFA0DCA0}.Debug|Any CPU.ActiveCfg = Debug|Any CPU
		{ADF43350-F8B0-43F1-86ED-6EFACFA0DCA0}.Debug|Any CPU.Build.0 = Debug|Any CPU
		{ADF43350-F8B0-43F1-86ED-6EFACFA0DCA0}.Release|Any CPU.ActiveCfg = Release|Any CPU
		{ADF43350-F8B0-43F1-86ED-6EFACFA0DCA0}.Release|Any CPU.Build.0 = Release|Any CPU
		{700FA979-C130-44D4-913C-424A4083992B}.Debug|Any CPU.ActiveCfg = Debug|Any CPU
		{700FA979-C130-44D4-913C-424A4083992B}.Debug|Any CPU.Build.0 = Debug|Any CPU
		{700FA979-C130-44D4-913C-424A4083992B}.Release|Any CPU.ActiveCfg = Release|Any CPU
		{700FA979-C130-44D4-913C-424A4083992B}.Release|Any CPU.Build.0 = Release|Any CPU
		{0201D477-19B9-4D1D-A07E-5B59A881FF5F}.Debug|Any CPU.ActiveCfg = Debug|Any CPU
		{0201D477-19B9-4D1D-A07E-5B59A881FF5F}.Debug|Any CPU.Build.0 = Debug|Any CPU
		{0201D477-19B9-4D1D-A07E-5B59A881FF5F}.Release|Any CPU.ActiveCfg = Release|Any CPU
		{0201D477-19B9-4D1D-A07E-5B59A881FF5F}.Release|Any CPU.Build.0 = Release|Any CPU
		{F8502C2F-BFF6-40F0-B981-CA1AB550B449}.Debug|Any CPU.ActiveCfg = Debug|Any CPU
		{F8502C2F-BFF6-40F0-B981-CA1AB550B449}.Debug|Any CPU.Build.0 = Debug|Any CPU
		{F8502C2F-BFF6-40F0-B981-CA1AB550B449}.Release|Any CPU.ActiveCfg = Release|Any CPU
		{F8502C2F-BFF6-40F0-B981-CA1AB550B449}.Release|Any CPU.Build.0 = Release|Any CPU
	EndGlobalSection
	GlobalSection(SolutionProperties) = preSolution
		HideSolutionNode = FALSE
	EndGlobalSection
	GlobalSection(ExtensibilityGlobals) = postSolution
		SolutionGuid = {E9292A58-E2A0-4C72-9B5C-817ED63F7448}
	EndGlobalSection
EndGlobal
